
Microsoft Visual Studio Solution File, Format Version 12.00
# Visual Studio Version 16
VisualStudioVersion = 16.0.808.0
MinimumVisualStudioVersion = 10.0.40219.1
Project("{FAE04EC0-301F-11D3-BF4B-00C04F79EFBC}") = "agenda_its.Android", "agenda_its.Android\agenda_its.Android.csproj", "{251234E9-BBF8-4DCF-8029-7206A0F7C497}"
EndProject
Project("{FAE04EC0-301F-11D3-BF4B-00C04F79EFBC}") = "agenda_its.iOS", "agenda_its.iOS\agenda_its.iOS.csproj", "{95E6D559-5DCB-4722-A880-FCF54A43999A}"
EndProject
Project("{FAE04EC0-301F-11D3-BF4B-00C04F79EFBC}") = "agenda_its", "agenda_its\agenda_its.csproj", "{4C2F8135-E854-460A-BA18-E32769EAD9CF}"
EndProject
Global
	GlobalSection(SolutionConfigurationPlatforms) = preSolution
		Debug|Any CPU = Debug|Any CPU
		Release|Any CPU = Release|Any CPU
		Debug|iPhoneSimulator = Debug|iPhoneSimulator
		Release|iPhoneSimulator = Release|iPhoneSimulator
		Debug|iPhone = Debug|iPhone
		Release|iPhone = Release|iPhone
	EndGlobalSection
	GlobalSection(ProjectConfigurationPlatforms) = postSolution
		{251234E9-BBF8-4DCF-8029-7206A0F7C497}.Debug|Any CPU.ActiveCfg = Debug|Any CPU
		{251234E9-BBF8-4DCF-8029-7206A0F7C497}.Debug|Any CPU.Build.0 = Debug|Any CPU
		{251234E9-BBF8-4DCF-8029-7206A0F7C497}.Release|Any CPU.ActiveCfg = Release|Any CPU
		{251234E9-BBF8-4DCF-8029-7206A0F7C497}.Release|Any CPU.Build.0 = Release|Any CPU
		{251234E9-BBF8-4DCF-8029-7206A0F7C497}.Debug|iPhoneSimulator.ActiveCfg = Debug|Any CPU
		{251234E9-BBF8-4DCF-8029-7206A0F7C497}.Debug|iPhoneSimulator.Build.0 = Debug|Any CPU
		{251234E9-BBF8-4DCF-8029-7206A0F7C497}.Release|iPhoneSimulator.ActiveCfg = Release|Any CPU
		{251234E9-BBF8-4DCF-8029-7206A0F7C497}.Release|iPhoneSimulator.Build.0 = Release|Any CPU
		{251234E9-BBF8-4DCF-8029-7206A0F7C497}.Debug|iPhone.ActiveCfg = Debug|Any CPU
		{251234E9-BBF8-4DCF-8029-7206A0F7C497}.Debug|iPhone.Build.0 = Debug|Any CPU
		{251234E9-BBF8-4DCF-8029-7206A0F7C497}.Release|iPhone.ActiveCfg = Release|Any CPU
		{251234E9-BBF8-4DCF-8029-7206A0F7C497}.Release|iPhone.Build.0 = Release|Any CPU
		{95E6D559-5DCB-4722-A880-FCF54A43999A}.Debug|Any CPU.ActiveCfg = Debug|iPhoneSimulator
		{95E6D559-5DCB-4722-A880-FCF54A43999A}.Debug|Any CPU.Build.0 = Debug|iPhoneSimulator
		{95E6D559-5DCB-4722-A880-FCF54A43999A}.Release|Any CPU.ActiveCfg = Release|iPhoneSimulator
		{95E6D559-5DCB-4722-A880-FCF54A43999A}.Release|Any CPU.Build.0 = Release|iPhoneSimulator
		{95E6D559-5DCB-4722-A880-FCF54A43999A}.Debug|iPhoneSimulator.ActiveCfg = Debug|iPhoneSimulator
		{95E6D559-5DCB-4722-A880-FCF54A43999A}.Debug|iPhoneSimulator.Build.0 = Debug|iPhoneSimulator
		{95E6D559-5DCB-4722-A880-FCF54A43999A}.Release|iPhoneSimulator.ActiveCfg = Release|iPhoneSimulator
		{95E6D559-5DCB-4722-A880-FCF54A43999A}.Release|iPhoneSimulator.Build.0 = Release|iPhoneSimulator
		{95E6D559-5DCB-4722-A880-FCF54A43999A}.Debug|iPhone.ActiveCfg = Debug|iPhone
		{95E6D559-5DCB-4722-A880-FCF54A43999A}.Debug|iPhone.Build.0 = Debug|iPhone
		{95E6D559-5DCB-4722-A880-FCF54A43999A}.Release|iPhone.ActiveCfg = Release|iPhone
		{95E6D559-5DCB-4722-A880-FCF54A43999A}.Release|iPhone.Build.0 = Release|iPhone
		{4C2F8135-E854-460A-BA18-E32769EAD9CF}.Debug|Any CPU.ActiveCfg = Debug|Any CPU
		{4C2F8135-E854-460A-BA18-E32769EAD9CF}.Debug|Any CPU.Build.0 = Debug|Any CPU
		{4C2F8135-E854-460A-BA18-E32769EAD9CF}.Release|Any CPU.ActiveCfg = Release|Any CPU
		{4C2F8135-E854-460A-BA18-E32769EAD9CF}.Release|Any CPU.Build.0 = Release|Any CPU
		{4C2F8135-E854-460A-BA18-E32769EAD9CF}.Debug|iPhoneSimulator.ActiveCfg = Debug|Any CPU
		{4C2F8135-E854-460A-BA18-E32769EAD9CF}.Debug|iPhoneSimulator.Build.0 = Debug|Any CPU
		{4C2F8135-E854-460A-BA18-E32769EAD9CF}.Release|iPhoneSimulator.ActiveCfg = Release|Any CPU
		{4C2F8135-E854-460A-BA18-E32769EAD9CF}.Release|iPhoneSimulator.Build.0 = Release|Any CPU
		{4C2F8135-E854-460A-BA18-E32769EAD9CF}.Debug|iPhone.ActiveCfg = Debug|Any CPU
		{4C2F8135-E854-460A-BA18-E32769EAD9CF}.Debug|iPhone.Build.0 = Debug|Any CPU
		{4C2F8135-E854-460A-BA18-E32769EAD9CF}.Release|iPhone.ActiveCfg = Release|Any CPU
		{4C2F8135-E854-460A-BA18-E32769EAD9CF}.Release|iPhone.Build.0 = Release|Any CPU
	EndGlobalSection
	GlobalSection(SolutionProperties) = preSolution
		HideSolutionNode = FALSE
	EndGlobalSection
	GlobalSection(ExtensibilityGlobals) = postSolution
		SolutionGuid = {241C6A5C-13BF-4CCA-838B-EB2C07A266CB}
	EndGlobalSection
EndGlobal
